
Microsoft Visual Studio Solution File, Format Version 12.00
# Visual Studio Version 16
VisualStudioVersion = 16.0.33423.256
MinimumVisualStudioVersion = 10.0.40219.1
Project("{FAE04EC0-301F-11D3-BF4B-00C04F79EFBC}") = "S3G11-PVFAPP", "S3G11-PVFAPP.csproj", "{92FDE0F1-1BA5-46D6-A77D-FF29764100A3}"
EndProject
Global
	GlobalSection(SolutionConfigurationPlatforms) = preSolution
		Debug|Any CPU = Debug|Any CPU
		Release|Any CPU = Release|Any CPU
	EndGlobalSection
	GlobalSection(ProjectConfigurationPlatforms) = postSolution
		{92FDE0F1-1BA5-46D6-A77D-FF29764100A3}.Debug|Any CPU.ActiveCfg = Debug|Any CPU
		{92FDE0F1-1BA5-46D6-A77D-FF29764100A3}.Debug|Any CPU.Build.0 = Debug|Any CPU
		{92FDE0F1-1BA5-46D6-A77D-FF29764100A3}.Release|Any CPU.ActiveCfg = Release|Any CPU
		{92FDE0F1-1BA5-46D6-A77D-FF29764100A3}.Release|Any CPU.Build.0 = Release|Any CPU
	EndGlobalSection
	GlobalSection(SolutionProperties) = preSolution
		HideSolutionNode = FALSE
	EndGlobalSection
	GlobalSection(ExtensibilityGlobals) = postSolution
		SolutionGuid = {3ED9C63E-9A71-454E-AF3F-E03A9CE2FA5C}
	EndGlobalSection
EndGlobal
